
Microsoft Visual Studio Solution File, Format Version 12.00
# Visual Studio Version 17
VisualStudioVersion = 17.0.31903.59
MinimumVisualStudioVersion = 10.0.40219.1
Project("{2150E333-8FDC-42A3-9474-1A3956D46DE8}") = "src", "src", "{15A51E1D-9CE7-4DE8-9FFE-E38B94F65793}"
EndProject
Project("{FAE04EC0-301F-11D3-BF4B-00C04F79EFBC}") = "Shapes", "src\Shapes\Shapes.csproj", "{5E012BD4-406E-4C11-AFD8-2B4C7F46D45D}"
EndProject
Project("{2150E333-8FDC-42A3-9474-1A3956D46DE8}") = "test", "test", "{635CD5CB-14B7-42B3-9AC6-B2CF225E7D51}"
EndProject
Project("{FAE04EC0-301F-11D3-BF4B-00C04F79EFBC}") = "Shapes.Tests", "test\Shapes.Tests\Shapes.Tests.csproj", "{F31DAD33-BE1F-4DA7-9D72-1AF400848FE2}"
EndProject
Global
	GlobalSection(SolutionConfigurationPlatforms) = preSolution
		Debug|Any CPU = Debug|Any CPU
		Release|Any CPU = Release|Any CPU
	EndGlobalSection
	GlobalSection(SolutionProperties) = preSolution
		HideSolutionNode = FALSE
	EndGlobalSection
	GlobalSection(ProjectConfigurationPlatforms) = postSolution
		{5E012BD4-406E-4C11-AFD8-2B4C7F46D45D}.Debug|Any CPU.ActiveCfg = Debug|Any CPU
		{5E012BD4-406E-4C11-AFD8-2B4C7F46D45D}.Debug|Any CPU.Build.0 = Debug|Any CPU
		{5E012BD4-406E-4C11-AFD8-2B4C7F46D45D}.Release|Any CPU.ActiveCfg = Release|Any CPU
		{5E012BD4-406E-4C11-AFD8-2B4C7F46D45D}.Release|Any CPU.Build.0 = Release|Any CPU
		{F31DAD33-BE1F-4DA7-9D72-1AF400848FE2}.Debug|Any CPU.ActiveCfg = Debug|Any CPU
		{F31DAD33-BE1F-4DA7-9D72-1AF400848FE2}.Debug|Any CPU.Build.0 = Debug|Any CPU
		{F31DAD33-BE1F-4DA7-9D72-1AF400848FE2}.Release|Any CPU.ActiveCfg = Release|Any CPU
		{F31DAD33-BE1F-4DA7-9D72-1AF400848FE2}.Release|Any CPU.Build.0 = Release|Any CPU
	EndGlobalSection
	GlobalSection(NestedProjects) = preSolution
		{5E012BD4-406E-4C11-AFD8-2B4C7F46D45D} = {15A51E1D-9CE7-4DE8-9FFE-E38B94F65793}
		{F31DAD33-BE1F-4DA7-9D72-1AF400848FE2} = {635CD5CB-14B7-42B3-9AC6-B2CF225E7D51}
	EndGlobalSection
EndGlobal
